github.com/google/go-cmp v0.5.2 h1:X2ev0eStA3AbceY54o37/0PQ/UWqKEiiO2dKL5OPaFM=
github.com/google/go-cmp v0.5.2/go.mod h1:v8dTdLbMG2kIc/vJvl+f65V22dbkXbowE6jgT/gNBxE=
github.com/pkg/errors v0.8.0 h1:WdK/asTD0HN+q6hsWO3/vpuAkAr+tw6aNJNDFFf0+qw=
github.com/pkg/errors v0.8.0/go.mod h1:bwawxfHBFNV+L2hUp1rHADufV3IMtnDRdf1r5NINEl0=
golang.org/x/crypto v0.0.0-20180527072434-ab813273cd59 h1:hk3yo72LXLapY9EXVttc3Z1rLOxT9IuAPPX3GpY2+jo=
golang.org/x/crypto v0.0.0-20180527072434-ab813273cd59/go.mod h1:6SG95UA2DQfeDnfUPMdvaQW0Q7yPrPDi9nlGo2tz2b4=
golang.org/x/sys v0.0.0-20180612142214-a9e25c09b96b h1:Alsw3Wc6E7GDN4eBfL2kDsr2kGY3jIK80LVwqVmSQQA=
golang.org/x/sys v0.0.0-20180612142214-a9e25c09b96b/go.mod h1:STP8DvDyc/dI5b8T5hshtkjS+E42TnysNCUPdjciGhY=
golang.org/x/tools v0.0.0-20181031165350-3a10b9bf0a52 h1:PNtPCxiQxJpaFZcF6G/CXZHyw3MuIHuJMPbG29ii7K8=
golang.org/x/tools v0.0.0-20181031165350-3a10b9bf0a52/go.mod h1:n7NCudcB/nEzxVGmLbDWY5pfWTLqBcC2KZ6jyYvM4mQ=
golang.org/x/xerrors v0.0.0-20191204190536-9bdfabe68543 h1:E7g+9GITq07hpfrRu66IVDexMakfv52eLZ2CXBWiKr4=
golang.org/x/xerrors v0.0.0-20191204190536-9bdfabe68543/go.mod h1:I/5z698sn9Ka8TeJc9MKroUUfqBBauWjQqLJ2OPfmY0=
